
Microsoft Visual Studio Solution File, Format Version 12.00
# Visual Studio Version 16
VisualStudioVersion = 16.0.29613.14
MinimumVisualStudioVersion = 10.0.40219.1
Project("{9A19103F-16F7-4668-BE54-9A1E7A4F7556}") = "SoulsFormats", "SoulsFormats\SoulsFormats\SoulsFormats.csproj", "{89A5110F-1291-464C-AFD0-D96CFB07F76B}"
EndProject
Project("{FAE04EC0-301F-11D3-BF4B-00C04F79EFBC}") = "SFAnimExtensions", "SFAnimExtensions\SFAnimExtensions.csproj", "{A2C5DFA7-5B19-47FF-B6E4-8AB2EE0C7EF4}"
EndProject
Global
	GlobalSection(SolutionConfigurationPlatforms) = preSolution
		Debug|Any CPU = Debug|Any CPU
		Release|Any CPU = Release|Any CPU
	EndGlobalSection
	GlobalSection(ProjectConfigurationPlatforms) = postSolution
		{89A5110F-1291-464C-AFD0-D96CFB07F76B}.Debug|Any CPU.ActiveCfg = Debug|Any CPU
		{89A5110F-1291-464C-AFD0-D96CFB07F76B}.Debug|Any CPU.Build.0 = Debug|Any CPU
		{89A5110F-1291-464C-AFD0-D96CFB07F76B}.Release|Any CPU.ActiveCfg = Release|Any CPU
		{89A5110F-1291-464C-AFD0-D96CFB07F76B}.Release|Any CPU.Build.0 = Release|Any CPU
		{A2C5DFA7-5B19-47FF-B6E4-8AB2EE0C7EF4}.Debug|Any CPU.ActiveCfg = Debug|Any CPU
		{A2C5DFA7-5B19-47FF-B6E4-8AB2EE0C7EF4}.Debug|Any CPU.Build.0 = Debug|Any CPU
		{A2C5DFA7-5B19-47FF-B6E4-8AB2EE0C7EF4}.Release|Any CPU.ActiveCfg = Release|Any CPU
		{A2C5DFA7-5B19-47FF-B6E4-8AB2EE0C7EF4}.Release|Any CPU.Build.0 = Release|Any CPU
	EndGlobalSection
	GlobalSection(SolutionProperties) = preSolution
		HideSolutionNode = FALSE
	EndGlobalSection
	GlobalSection(ExtensibilityGlobals) = postSolution
		SolutionGuid = {BCD8DC0C-7B69-456E-8B60-792971F74B95}
	EndGlobalSection
EndGlobal
